
Microsoft Visual Studio Solution File, Format Version 12.00
# Visual Studio Version 17
VisualStudioVersion = 17.3.32825.248
MinimumVisualStudioVersion = 10.0.40219.1
Project("{9A19103F-16F7-4668-BE54-9A1E7A4F7556}") = "CS3750_PlanetExpressLMS", "CS3750_PlanetExpressLMS.csproj", "{B339FEAE-9CD9-4846-8EF4-778AF27C8F28}"
EndProject
Project("{9A19103F-16F7-4668-BE54-9A1E7A4F7556}") = "CS3750_PlanetExpressLMSTest", "..\CS3750_PlanetExpressLMSTest\CS3750_PlanetExpressLMSTest.csproj", "{B18B6BB8-ECF9-494C-A1DE-26D0390B52AF}"
EndProject
Global
	GlobalSection(SolutionConfigurationPlatforms) = preSolution
		Debug|Any CPU = Debug|Any CPU
		Release|Any CPU = Release|Any CPU
	EndGlobalSection
	GlobalSection(ProjectConfigurationPlatforms) = postSolution
		{B339FEAE-9CD9-4846-8EF4-778AF27C8F28}.Debug|Any CPU.ActiveCfg = Debug|Any CPU
		{B339FEAE-9CD9-4846-8EF4-778AF27C8F28}.Debug|Any CPU.Build.0 = Debug|Any CPU
		{B339FEAE-9CD9-4846-8EF4-778AF27C8F28}.Release|Any CPU.ActiveCfg = Release|Any CPU
		{B339FEAE-9CD9-4846-8EF4-778AF27C8F28}.Release|Any CPU.Build.0 = Release|Any CPU
		{B18B6BB8-ECF9-494C-A1DE-26D0390B52AF}.Debug|Any CPU.ActiveCfg = Debug|Any CPU
		{B18B6BB8-ECF9-494C-A1DE-26D0390B52AF}.Debug|Any CPU.Build.0 = Debug|Any CPU
		{B18B6BB8-ECF9-494C-A1DE-26D0390B52AF}.Release|Any CPU.ActiveCfg = Release|Any CPU
		{B18B6BB8-ECF9-494C-A1DE-26D0390B52AF}.Release|Any CPU.Build.0 = Release|Any CPU
	EndGlobalSection
	GlobalSection(SolutionProperties) = preSolution
		HideSolutionNode = FALSE
	EndGlobalSection
	GlobalSection(ExtensibilityGlobals) = postSolution
		SolutionGuid = {EA239F6B-6752-418E-BF77-4362EC9708D7}
	EndGlobalSection
EndGlobal
